
Microsoft Visual Studio Solution File, Format Version 12.00
# Visual Studio Version 17
VisualStudioVersion = 17.2.32505.173
MinimumVisualStudioVersion = 10.0.40219.1
Project("{9A19103F-16F7-4668-BE54-9A1E7A4F7556}") = "MockOidcServer.Web", "src\MockOidcServer.Web\MockOidcServer.Web.csproj", "{637F81C3-4BE5-4982-8435-E5E364E13F40}"
EndProject
Global
	GlobalSection(SolutionConfigurationPlatforms) = preSolution
		Debug|Any CPU = Debug|Any CPU
		Release|Any CPU = Release|Any CPU
	EndGlobalSection
	GlobalSection(ProjectConfigurationPlatforms) = postSolution
		{637F81C3-4BE5-4982-8435-E5E364E13F40}.Debug|Any CPU.ActiveCfg = Debug|Any CPU
		{637F81C3-4BE5-4982-8435-E5E364E13F40}.Debug|Any CPU.Build.0 = Debug|Any CPU
		{637F81C3-4BE5-4982-8435-E5E364E13F40}.Release|Any CPU.ActiveCfg = Release|Any CPU
		{637F81C3-4BE5-4982-8435-E5E364E13F40}.Release|Any CPU.Build.0 = Release|Any CPU
	EndGlobalSection
	GlobalSection(SolutionProperties) = preSolution
		HideSolutionNode = FALSE
	EndGlobalSection
	GlobalSection(ExtensibilityGlobals) = postSolution
		SolutionGuid = {1F48FD66-D14E-44E2-95A2-DB722EDAE50E}
	EndGlobalSection
EndGlobal
